
Microsoft Visual Studio Solution File, Format Version 12.00
# Visual Studio 15
VisualStudioVersion = 15.0.26228.4
MinimumVisualStudioVersion = 10.0.40219.1
Project("{FAE04EC0-301F-11D3-BF4B-00C04F79EFBC}") = "NewsReader", "NewsReader\NewsReader.csproj", "{2672A8B8-9C2B-4289-89FE-640F683AC762}"
EndProject
Global
	GlobalSection(SolutionConfigurationPlatforms) = preSolution
		Debug|Any CPU = Debug|Any CPU
		Release|Any CPU = Release|Any CPU
	EndGlobalSection
	GlobalSection(ProjectConfigurationPlatforms) = postSolution
		{2672A8B8-9C2B-4289-89FE-640F683AC762}.Debug|Any CPU.ActiveCfg = Debug|Any CPU
		{2672A8B8-9C2B-4289-89FE-640F683AC762}.Debug|Any CPU.Build.0 = Debug|Any CPU
		{2672A8B8-9C2B-4289-89FE-640F683AC762}.Release|Any CPU.ActiveCfg = Release|Any CPU
		{2672A8B8-9C2B-4289-89FE-640F683AC762}.Release|Any CPU.Build.0 = Release|Any CPU
	EndGlobalSection
	GlobalSection(SolutionProperties) = preSolution
		HideSolutionNode = FALSE
	EndGlobalSection
EndGlobal
